
Microsoft Visual Studio Solution File, Format Version 12.00
# Visual Studio 15
VisualStudioVersion = 15.0.28307.271
MinimumVisualStudioVersion = 10.0.40219.1
Project("{FAE04EC0-301F-11D3-BF4B-00C04F79EFBC}") = "FanController.Android", "FanController\FanController.Android\FanController.Android.csproj", "{453F8052-E3FF-4F05-9849-49BCC848EB8E}"
EndProject
Project("{FAE04EC0-301F-11D3-BF4B-00C04F79EFBC}") = "FanController.iOS", "FanController\FanController.iOS\FanController.iOS.csproj", "{CE025EE2-423D-46AC-AB7C-88F14E397BCE}"
EndProject
Project("{FAE04EC0-301F-11D3-BF4B-00C04F79EFBC}") = "FanController.UWP", "FanController\FanController.UWP\FanController.UWP.csproj", "{D3D2565E-8ED1-46E1-895F-D9A65327FCFD}"
EndProject
Project("{FAE04EC0-301F-11D3-BF4B-00C04F79EFBC}") = "FanController", "FanController\FanController\FanController.csproj", "{C6EC58A9-22F9-4A15-B662-6DFA060E88F5}"
EndProject
Global
	GlobalSection(SolutionConfigurationPlatforms) = preSolution
		Ad-Hoc|Any CPU = Ad-Hoc|Any CPU
		Ad-Hoc|ARM = Ad-Hoc|ARM
		Ad-Hoc|iPhone = Ad-Hoc|iPhone
		Ad-Hoc|iPhoneSimulator = Ad-Hoc|iPhoneSimulator
		Ad-Hoc|x64 = Ad-Hoc|x64
		Ad-Hoc|x86 = Ad-Hoc|x86
		AppStore|Any CPU = AppStore|Any CPU
		AppStore|ARM = AppStore|ARM
		AppStore|iPhone = AppStore|iPhone
		AppStore|iPhoneSimulator = AppStore|iPhoneSimulator
		AppStore|x64 = AppStore|x64
		AppStore|x86 = AppStore|x86
		Debug|Any CPU = Debug|Any CPU
		Debug|ARM = Debug|ARM
		Debug|iPhone = Debug|iPhone
		Debug|iPhoneSimulator = Debug|iPhoneSimulator
		Debug|x64 = Debug|x64
		Debug|x86 = Debug|x86
		Release|Any CPU = Release|Any CPU
		Release|ARM = Release|ARM
		Release|iPhone = Release|iPhone
		Release|iPhoneSimulator = Release|iPhoneSimulator
		Release|x64 = Release|x64
		Release|x86 = Release|x86
	EndGlobalSection
	GlobalSection(ProjectConfigurationPlatforms) = postSolution
		{453F8052-E3FF-4F05-9849-49BCC848EB8E}.Ad-Hoc|Any CPU.ActiveCfg = Release|Any CPU
		{453F8052-E3FF-4F05-9849-49BCC848EB8E}.Ad-Hoc|Any CPU.Build.0 = Release|Any CPU
		{453F8052-E3FF-4F05-9849-49BCC848EB8E}.Ad-Hoc|Any CPU.Deploy.0 = Release|Any CPU
		{453F8052-E3FF-4F05-9849-49BCC848EB8E}.Ad-Hoc|ARM.ActiveCfg = Release|Any CPU
		{453F8052-E3FF-4F05-9849-49BCC848EB8E}.Ad-Hoc|ARM.Build.0 = Release|Any CPU
		{453F8052-E3FF-4F05-9849-49BCC848EB8E}.Ad-Hoc|ARM.Deploy.0 = Release|Any CPU
		{453F8052-E3FF-4F05-9849-49BCC848EB8E}.Ad-Hoc|iPhone.ActiveCfg = Release|Any CPU
		{453F8052-E3FF-4F05-9849-49BCC848EB8E}.Ad-Hoc|iPhone.Build.0 = Release|Any CPU
		{453F8052-E3FF-4F05-9849-49BCC848EB8E}.Ad-Hoc|iPhone.Deploy.0 = Release|Any CPU
		{453F8052-E3FF-4F05-9849-49BCC848EB8E}.Ad-Hoc|iPhoneSimulator.ActiveCfg = Release|Any CPU
		{453F8052-E3FF-4F05-9849-49BCC848EB8E}.Ad-Hoc|iPhoneSimulator.Build.0 = Release|Any CPU
		{453F8052-E3FF-4F05-9849-49BCC848EB8E}.Ad-Hoc|iPhoneSimulator.Deploy.0 = Release|Any CPU
		{453F8052-E3FF-4F05-9849-49BCC848EB8E}.Ad-Hoc|x64.ActiveCfg = Release|Any CPU
		{453F8052-E3FF-4F05-9849-49BCC848EB8E}.Ad-Hoc|x64.Build.0 = Release|Any CPU
		{453F8052-E3FF-4F05-9849-49BCC848EB8E}.Ad-Hoc|x64.Deploy.0 = Release|Any CPU
		{453F8052-E3FF-4F05-9849-49BCC848EB8E}.Ad-Hoc|x86.ActiveCfg = Release|Any CPU
		{453F8052-E3FF-4F05-9849-49BCC848EB8E}.Ad-Hoc|x86.Build.0 = Release|Any CPU
		{453F8052-E3FF-4F05-9849-49BCC848EB8E}.Ad-Hoc|x86.Deploy.0 = Release|Any CPU
		{453F8052-E3FF-4F05-9849-49BCC848EB8E}.AppStore|Any CPU.ActiveCfg = Release|Any CPU
		{453F8052-E3FF-4F05-9849-49BCC848EB8E}.AppStore|Any CPU.Build.0 = Release|Any CPU
		{453F8052-E3FF-4F05-9849-49BCC848EB8E}.AppStore|Any CPU.Deploy.0 = Release|Any CPU
		{453F8052-E3FF-4F05-9849-49BCC848EB8E}.AppStore|ARM.ActiveCfg = Release|Any CPU
		{453F8052-E3FF-4F05-9849-49BCC848EB8E}.AppStore|ARM.Build.0 = Release|Any CPU
		{453F8052-E3FF-4F05-9849-49BCC848EB8E}.AppStore|ARM.Deploy.0 = Release|Any CPU
		{453F8052-E3FF-4F05-9849-49BCC848EB8E}.AppStore|iPhone.ActiveCfg = Release|Any CPU
		{453F8052-E3FF-4F05-9849-49BCC848EB8E}.AppStore|iPhone.Build.0 = Release|Any CPU
		{453F8052-E3FF-4F05-9849-49BCC848EB8E}.AppStore|iPhone.Deploy.0 = Release|Any CPU
		{453F8052-E3FF-4F05-9849-49BCC848EB8E}.AppStore|iPhoneSimulator.ActiveCfg = Release|Any CPU
		{453F8052-E3FF-4F05-9849-49BCC848EB8E}.AppStore|iPhoneSimulator.Build.0 = Release|Any CPU
		{453F8052-E3FF-4F05-9849-49BCC848EB8E}.AppStore|iPhoneSimulator.Deploy.0 = Release|Any CPU
		{453F8052-E3FF-4F05-9849-49BCC848EB8E}.AppStore|x64.ActiveCfg = Release|Any CPU
		{453F8052-E3FF-4F05-9849-49BCC848EB8E}.AppStore|x64.Build.0 = Release|Any CPU
		{453F8052-E3FF-4F05-9849-49BCC848EB8E}.AppStore|x64.Deploy.0 = Release|Any CPU
		{453F8052-E3FF-4F05-9849-49BCC848EB8E}.AppStore|x86.ActiveCfg = Release|Any CPU
		{453F8052-E3FF-4F05-9849-49BCC848EB8E}.AppStore|x86.Build.0 = Release|Any CPU
		{453F8052-E3FF-4F05-9849-49BCC848EB8E}.AppStore|x86.Deploy.0 = Release|Any CPU
		{453F8052-E3FF-4F05-9849-49BCC848EB8E}.Debug|Any CPU.ActiveCfg = Debug|Any CPU
		{453F8052-E3FF-4F05-9849-49BCC848EB8E}.Debug|Any CPU.Build.0 = Debug|Any CPU
		{453F8052-E3FF-4F05-9849-49BCC848EB8E}.Debug|Any CPU.Deploy.0 = Debug|Any CPU
		{453F8052-E3FF-4F05-9849-49BCC848EB8E}.Debug|ARM.ActiveCfg = Debug|Any CPU
		{453F8052-E3FF-4F05-9849-49BCC848EB8E}.Debug|ARM.Build.0 = Debug|Any CPU
		{453F8052-E3FF-4F05-9849-49BCC848EB8E}.Debug|ARM.Deploy.0 = Debug|Any CPU
		{453F8052-E3FF-4F05-9849-49BCC848EB8E}.Debug|iPhone.ActiveCfg = Debug|Any CPU
		{453F8052-E3FF-4F05-9849-49BCC848EB8E}.Debug|iPhone.Build.0 = Debug|Any CPU
		{453F8052-E3FF-4F05-9849-49BCC848EB8E}.Debug|iPhone.Deploy.0 = Debug|Any CPU
		{453F8052-E3FF-4F05-9849-49BCC848EB8E}.Debug|iPhoneSimulator.ActiveCfg = Debug|Any CPU
		{453F8052-E3FF-4F05-9849-49BCC848EB8E}.Debug|iPhoneSimulator.Build.0 = Debug|Any CPU
		{453F8052-E3FF-4F05-9849-49BCC848EB8E}.Debug|iPhoneSimulator.Deploy.0 = Debug|Any CPU
		{453F8052-E3FF-4F05-9849-49BCC848EB8E}.Debug|x64.ActiveCfg = Debug|Any CPU
		{453F8052-E3FF-4F05-9849-49BCC848EB8E}.Debug|x64.Build.0 = Debug|Any CPU
		{453F8052-E3FF-4F05-9849-49BCC848EB8E}.Debug|x64.Deploy.0 = Debug|Any CPU
		{453F8052-E3FF-4F05-9849-49BCC848EB8E}.Debug|x86.ActiveCfg = Debug|Any CPU
		{453F8052-E3FF-4F05-9849-49BCC848EB8E}.Debug|x86.Build.0 = Debug|Any CPU
		{453F8052-E3FF-4F05-9849-49BCC848EB8E}.Debug|x86.Deploy.0 = Debug|Any CPU
		{453F8052-E3FF-4F05-9849-49BCC848EB8E}.Release|Any CPU.ActiveCfg = Release|Any CPU
		{453F8052-E3FF-4F05-9849-49BCC848EB8E}.Release|Any CPU.Build.0 = Release|Any CPU
		{453F8052-E3FF-4F05-9849-49BCC848EB8E}.Release|Any CPU.Deploy.0 = Release|Any CPU
		{453F8052-E3FF-4F05-9849-49BCC848EB8E}.Release|ARM.ActiveCfg = Release|Any CPU
		{453F8052-E3FF-4F05-9849-49BCC848EB8E}.Release|ARM.Build.0 = Release|Any CPU
		{453F8052-E3FF-4F05-9849-49BCC848EB8E}.Release|ARM.Deploy.0 = Release|Any CPU
		{453F8052-E3FF-4F05-9849-49BCC848EB8E}.Release|iPhone.ActiveCfg = Release|Any CPU
		{453F8052-E3FF-4F05-9849-49BCC848EB8E}.Release|iPhone.Build.0 = Release|Any CPU
		{453F8052-E3FF-4F05-9849-49BCC848EB8E}.Release|iPhone.Deploy.0 = Release|Any CPU
		{453F8052-E3FF-4F05-9849-49BCC848EB8E}.Release|iPhoneSimulator.ActiveCfg = Release|Any CPU
		{453F8052-E3FF-4F05-9849-49BCC848EB8E}.Release|iPhoneSimulator.Build.0 = Release|Any CPU
		{453F8052-E3FF-4F05-9849-49BCC848EB8E}.Release|iPhoneSimulator.Deploy.0 = Release|Any CPU
		{453F8052-E3FF-4F05-9849-49BCC848EB8E}.Release|x64.ActiveCfg = Release|Any CPU
		{453F8052-E3FF-4F05-9849-49BCC848EB8E}.Release|x64.Build.0 = Release|Any CPU
		{453F8052-E3FF-4F05-9849-49BCC848EB8E}.Release|x64.Deploy.0 = Release|Any CPU
		{453F8052-E3FF-4F05-9849-49BCC848EB8E}.Release|x86.ActiveCfg = Release|Any CPU
		{453F8052-E3FF-4F05-9849-49BCC848EB8E}.Release|x86.Build.0 = Release|Any CPU
		{453F8052-E3FF-4F05-9849-49BCC848EB8E}.Release|x86.Deploy.0 = Release|Any CPU
		{CE025EE2-423D-46AC-AB7C-88F14E397BCE}.Ad-Hoc|Any CPU.ActiveCfg = Ad-Hoc|iPhone
		{CE025EE2-423D-46AC-AB7C-88F14E397BCE}.Ad-Hoc|Any CPU.Build.0 = Ad-Hoc|iPhone
		{CE025EE2-423D-46AC-AB7C-88F14E397BCE}.Ad-Hoc|Any CPU.Deploy.0 = Ad-Hoc|iPhone
		{CE025EE2-423D-46AC-AB7C-88F14E397BCE}.Ad-Hoc|ARM.ActiveCfg = Ad-Hoc|iPhone
		{CE025EE2-423D-46AC-AB7C-88F14E397BCE}.Ad-Hoc|ARM.Build.0 = Ad-Hoc|iPhone
		{CE025EE2-423D-46AC-AB7C-88F14E397BCE}.Ad-Hoc|ARM.Deploy.0 = Ad-Hoc|iPhone
		{CE025EE2-423D-46AC-AB7C-88F14E397BCE}.Ad-Hoc|iPhone.ActiveCfg = Ad-Hoc|iPhone
		{CE025EE2-423D-46AC-AB7C-88F14E397BCE}.Ad-Hoc|iPhone.Build.0 = Ad-Hoc|iPhone
		{CE025EE2-423D-46AC-AB7C-88F14E397BCE}.Ad-Hoc|iPhone.Deploy.0 = Ad-Hoc|iPhone
		{CE025EE2-423D-46AC-AB7C-88F14E397BCE}.Ad-Hoc|iPhoneSimulator.ActiveCfg = Ad-Hoc|iPhoneSimulator
		{CE025EE2-423D-46AC-AB7C-88F14E397BCE}.Ad-Hoc|iPhoneSimulator.Build.0 = Ad-Hoc|iPhoneSimulator
		{CE025EE2-423D-46AC-AB7C-88F14E397BCE}.Ad-Hoc|iPhoneSimulator.Deploy.0 = Ad-Hoc|iPhoneSimulator
		{CE025EE2-423D-46AC-AB7C-88F14E397BCE}.Ad-Hoc|x64.ActiveCfg = Ad-Hoc|iPhone
		{CE025EE2-423D-46AC-AB7C-88F14E397BCE}.Ad-Hoc|x64.Build.0 = Ad-Hoc|iPhone
		{CE025EE2-423D-46AC-AB7C-88F14E397BCE}.Ad-Hoc|x64.Deploy.0 = Ad-Hoc|iPhone
		{CE025EE2-423D-46AC-AB7C-88F14E397BCE}.Ad-Hoc|x86.ActiveCfg = Ad-Hoc|iPhone
		{CE025EE2-423D-46AC-AB7C-88F14E397BCE}.Ad-Hoc|x86.Build.0 = Ad-Hoc|iPhone
		{CE025EE2-423D-46AC-AB7C-88F14E397BCE}.Ad-Hoc|x86.Deploy.0 = Ad-Hoc|iPhone
		{CE025EE2-423D-46AC-AB7C-88F14E397BCE}.AppStore|Any CPU.ActiveCfg = AppStore|iPhone
		{CE025EE2-423D-46AC-AB7C-88F14E397BCE}.AppStore|Any CPU.Build.0 = AppStore|iPhone
		{CE025EE2-423D-46AC-AB7C-88F14E397BCE}.AppStore|Any CPU.Deploy.0 = AppStore|iPhone
		{CE025EE2-423D-46AC-AB7C-88F14E397BCE}.AppStore|ARM.ActiveCfg = AppStore|iPhone
		{CE025EE2-423D-46AC-AB7C-88F14E397BCE}.AppStore|ARM.Build.0 = AppStore|iPhone
		{CE025EE2-423D-46AC-AB7C-88F14E397BCE}.AppStore|ARM.Deploy.0 = AppStore|iPhone
		{CE025EE2-423D-46AC-AB7C-88F14E397BCE}.AppStore|iPhone.ActiveCfg = AppStore|iPhone
		{CE025EE2-423D-46AC-AB7C-88F14E397BCE}.AppStore|iPhone.Build.0 = AppStore|iPhone
		{CE025EE2-423D-46AC-AB7C-88F14E397BCE}.AppStore|iPhone.Deploy.0 = AppStore|iPhone
		{CE025EE2-423D-46AC-AB7C-88F14E397BCE}.AppStore|iPhoneSimulator.ActiveCfg = AppStore|iPhoneSimulator
		{CE025EE2-423D-46AC-AB7C-88F14E397BCE}.AppStore|iPhoneSimulator.Build.0 = AppStore|iPhoneSimulator
		{CE025EE2-423D-46AC-AB7C-88F14E397BCE}.AppStore|iPhoneSimulator.Deploy.0 = AppStore|iPhoneSimulator
		{CE025EE2-423D-46AC-AB7C-88F14E397BCE}.AppStore|x64.ActiveCfg = AppStore|iPhone
		{CE025EE2-423D-46AC-AB7C-88F14E397BCE}.AppStore|x64.Build.0 = AppStore|iPhone
		{CE025EE2-423D-46AC-AB7C-88F14E397BCE}.AppStore|x64.Deploy.0 = AppStore|iPhone
		{CE025EE2-423D-46AC-AB7C-88F14E397BCE}.AppStore|x86.ActiveCfg = AppStore|iPhone
		{CE025EE2-423D-46AC-AB7C-88F14E397BCE}.AppStore|x86.Build.0 = AppStore|iPhone
		{CE025EE2-423D-46AC-AB7C-88F14E397BCE}.AppStore|x86.Deploy.0 = AppStore|iPhone
		{CE025EE2-423D-46AC-AB7C-88F14E397BCE}.Debug|Any CPU.ActiveCfg = Debug|iPhoneSimulator
		{CE025EE2-423D-46AC-AB7C-88F14E397BCE}.Debug|Any CPU.Build.0 = Debug|iPhoneSimulator
		{CE025EE2-423D-46AC-AB7C-88F14E397BCE}.Debug|Any CPU.Deploy.0 = Debug|iPhoneSimulator
		{CE025EE2-423D-46AC-AB7C-88F14E397BCE}.Debug|ARM.ActiveCfg = Debug|iPhone
		{CE025EE2-423D-46AC-AB7C-88F14E397BCE}.Debug|ARM.Build.0 = Debug|iPhone
		{CE025EE2-423D-46AC-AB7C-88F14E397BCE}.Debug|ARM.Deploy.0 = Debug|iPhone
		{CE025EE2-423D-46AC-AB7C-88F14E397BCE}.Debug|iPhone.ActiveCfg = Debug|iPhone
		{CE025EE2-423D-46AC-AB7C-88F14E397BCE}.Debug|iPhone.Build.0 = Debug|iPhone
		{CE025EE2-423D-46AC-AB7C-88F14E397BCE}.Debug|iPhone.Deploy.0 = Debug|iPhone
		{CE025EE2-423D-46AC-AB7C-88F14E397BCE}.Debug|iPhoneSimulator.ActiveCfg = Debug|iPhoneSimulator
		{CE025EE2-423D-46AC-AB7C-88F14E397BCE}.Debug|iPhoneSimulator.Build.0 = Debug|iPhoneSimulator
		{CE025EE2-423D-46AC-AB7C-88F14E397BCE}.Debug|iPhoneSimulator.Deploy.0 = Debug|iPhoneSimulator
		{CE025EE2-423D-46AC-AB7C-88F14E397BCE}.Debug|x64.ActiveCfg = Debug|iPhone
		{CE025EE2-423D-46AC-AB7C-88F14E397BCE}.Debug|x64.Build.0 = Debug|iPhone
		{CE025EE2-423D-46AC-AB7C-88F14E397BCE}.Debug|x64.Deploy.0 = Debug|iPhone
		{CE025EE2-423D-46AC-AB7C-88F14E397BCE}.Debug|x86.ActiveCfg = Debug|iPhone
		{CE025EE2-423D-46AC-AB7C-88F14E397BCE}.Debug|x86.Build.0 = Debug|iPhone
		{CE025EE2-423D-46AC-AB7C-88F14E397BCE}.Debug|x86.Deploy.0 = Debug|iPhone
		{CE025EE2-423D-46AC-AB7C-88F14E397BCE}.Release|Any CPU.ActiveCfg = Release|iPhone
		{CE025EE2-423D-46AC-AB7C-88F14E397BCE}.Release|Any CPU.Build.0 = Release|iPhone
		{CE025EE2-423D-46AC-AB7C-88F14E397BCE}.Release|Any CPU.Deploy.0 = Release|iPhone
		{CE025EE2-423D-46AC-AB7C-88F14E397BCE}.Release|ARM.ActiveCfg = Release|iPhone
		{CE025EE2-423D-46AC-AB7C-88F14E397BCE}.Release|ARM.Build.0 = Release|iPhone
		{CE025EE2-423D-46AC-AB7C-88F14E397BCE}.Release|ARM.Deploy.0 = Release|iPhone
		{CE025EE2-423D-46AC-AB7C-88F14E397BCE}.Release|iPhone.ActiveCfg = Release|iPhone
		{CE025EE2-423D-46AC-AB7C-88F14E397BCE}.Release|iPhone.Build.0 = Release|iPhone
		{CE025EE2-423D-46AC-AB7C-88F14E397BCE}.Release|iPhone.Deploy.0 = Release|iPhone
		{CE025EE2-423D-46AC-AB7C-88F14E397BCE}.Release|iPhoneSimulator.ActiveCfg = Release|iPhoneSimulator
		{CE025EE2-423D-46AC-AB7C-88F14E397BCE}.Release|iPhoneSimulator.Build.0 = Release|iPhoneSimulator
		{CE025EE2-423D-46AC-AB7C-88F14E397BCE}.Release|iPhoneSimulator.Deploy.0 = Release|iPhoneSimulator
		{CE025EE2-423D-46AC-AB7C-88F14E397BCE}.Release|x64.ActiveCfg = Release|iPhone
		{CE025EE2-423D-46AC-AB7C-88F14E397BCE}.Release|x64.Build.0 = Release|iPhone
		{CE025EE2-423D-46AC-AB7C-88F14E397BCE}.Release|x64.Deploy.0 = Release|iPhone
		{CE025EE2-423D-46AC-AB7C-88F14E397BCE}.Release|x86.ActiveCfg = Release|iPhone
		{CE025EE2-423D-46AC-AB7C-88F14E397BCE}.Release|x86.Build.0 = Release|iPhone
		{CE025EE2-423D-46AC-AB7C-88F14E397BCE}.Release|x86.Deploy.0 = Release|iPhone
		{D3D2565E-8ED1-46E1-895F-D9A65327FCFD}.Ad-Hoc|Any CPU.ActiveCfg = Release|x86
		{D3D2565E-8ED1-46E1-895F-D9A65327FCFD}.Ad-Hoc|Any CPU.Build.0 = Release|x86
		{D3D2565E-8ED1-46E1-895F-D9A65327FCFD}.Ad-Hoc|Any CPU.Deploy.0 = Release|x86
		{D3D2565E-8ED1-46E1-895F-D9A65327FCFD}.Ad-Hoc|ARM.ActiveCfg = Release|ARM
		{D3D2565E-8ED1-46E1-895F-D9A65327FCFD}.Ad-Hoc|ARM.Build.0 = Release|ARM
		{D3D2565E-8ED1-46E1-895F-D9A65327FCFD}.Ad-Hoc|ARM.Deploy.0 = Release|ARM
		{D3D2565E-8ED1-46E1-895F-D9A65327FCFD}.Ad-Hoc|iPhone.ActiveCfg = Release|x86
		{D3D2565E-8ED1-46E1-895F-D9A65327FCFD}.Ad-Hoc|iPhone.Build.0 = Release|x86
		{D3D2565E-8ED1-46E1-895F-D9A65327FCFD}.Ad-Hoc|iPhone.Deploy.0 = Release|x86
		{D3D2565E-8ED1-46E1-895F-D9A65327FCFD}.Ad-Hoc|iPhoneSimulator.ActiveCfg = Release|x86
		{D3D2565E-8ED1-46E1-895F-D9A65327FCFD}.Ad-Hoc|iPhoneSimulator.Build.0 = Release|x86
		{D3D2565E-8ED1-46E1-895F-D9A65327FCFD}.Ad-Hoc|iPhoneSimulator.Deploy.0 = Release|x86
		{D3D2565E-8ED1-46E1-895F-D9A65327FCFD}.Ad-Hoc|x64.ActiveCfg = Release|x64
		{D3D2565E-8ED1-46E1-895F-D9A65327FCFD}.Ad-Hoc|x64.Build.0 = Release|x64
		{D3D2565E-8ED1-46E1-895F-D9A65327FCFD}.Ad-Hoc|x64.Deploy.0 = Release|x64
		{D3D2565E-8ED1-46E1-895F-D9A65327FCFD}.Ad-Hoc|x86.ActiveCfg = Release|x86
		{D3D2565E-8ED1-46E1-895F-D9A65327FCFD}.Ad-Hoc|x86.Build.0 = Release|x86
		{D3D2565E-8ED1-46E1-895F-D9A65327FCFD}.Ad-Hoc|x86.Deploy.0 = Release|x86
		{D3D2565E-8ED1-46E1-895F-D9A65327FCFD}.AppStore|Any CPU.ActiveCfg = Release|x86
		{D3D2565E-8ED1-46E1-895F-D9A65327FCFD}.AppStore|Any CPU.Build.0 = Release|x86
		{D3D2565E-8ED1-46E1-895F-D9A65327FCFD}.AppStore|Any CPU.Deploy.0 = Release|x86
		{D3D2565E-8ED1-46E1-895F-D9A65327FCFD}.AppStore|ARM.ActiveCfg = Release|ARM
		{D3D2565E-8ED1-46E1-895F-D9A65327FCFD}.AppStore|ARM.Build.0 = Release|ARM
		{D3D2565E-8ED1-46E1-895F-D9A65327FCFD}.AppStore|ARM.Deploy.0 = Release|ARM
		{D3D2565E-8ED1-46E1-895F-D9A65327FCFD}.AppStore|iPhone.ActiveCfg = Release|x86
		{D3D2565E-8ED1-46E1-895F-D9A65327FCFD}.AppStore|iPhone.Build.0 = Release|x86
		{D3D2565E-8ED1-46E1-895F-D9A65327FCFD}.AppStore|iPhone.Deploy.0 = Release|x86
		{D3D2565E-8ED1-46E1-895F-D9A65327FCFD}.AppStore|iPhoneSimulator.ActiveCfg = Release|x86
		{D3D2565E-8ED1-46E1-895F-D9A65327FCFD}.AppStore|iPhoneSimulator.Build.0 = Release|x86
		{D3D2565E-8ED1-46E1-895F-D9A65327FCFD}.AppStore|iPhoneSimulator.Deploy.0 = Release|x86
		{D3D2565E-8ED1-46E1-895F-D9A65327FCFD}.AppStore|x64.ActiveCfg = Release|x64
		{D3D2565E-8ED1-46E1-895F-D9A65327FCFD}.AppStore|x64.Build.0 = Release|x64
		{D3D2565E-8ED1-46E1-895F-D9A65327FCFD}.AppStore|x64.Deploy.0 = Release|x64
		{D3D2565E-8ED1-46E1-895F-D9A65327FCFD}.AppStore|x86.ActiveCfg = Release|x86
		{D3D2565E-8ED1-46E1-895F-D9A65327FCFD}.AppStore|x86.Build.0 = Release|x86
		{D3D2565E-8ED1-46E1-895F-D9A65327FCFD}.AppStore|x86.Deploy.0 = Release|x86
		{D3D2565E-8ED1-46E1-895F-D9A65327FCFD}.Debug|Any CPU.ActiveCfg = Debug|x86
		{D3D2565E-8ED1-46E1-895F-D9A65327FCFD}.Debug|Any CPU.Build.0 = Debug|x86
		{D3D2565E-8ED1-46E1-895F-D9A65327FCFD}.Debug|Any CPU.Deploy.0 = Debug|x86
		{D3D2565E-8ED1-46E1-895F-D9A65327FCFD}.Debug|ARM.ActiveCfg = Debug|ARM
		{D3D2565E-8ED1-46E1-895F-D9A65327FCFD}.Debug|ARM.Build.0 = Debug|ARM
		{D3D2565E-8ED1-46E1-895F-D9A65327FCFD}.Debug|ARM.Deploy.0 = Debug|ARM
		{D3D2565E-8ED1-46E1-895F-D9A65327FCFD}.Debug|iPhone.ActiveCfg = Debug|x86
		{D3D2565E-8ED1-46E1-895F-D9A65327FCFD}.Debug|iPhone.Build.0 = Debug|x86
		{D3D2565E-8ED1-46E1-895F-D9A65327FCFD}.Debug|iPhone.Deploy.0 = Debug|x86
		{D3D2565E-8ED1-46E1-895F-D9A65327FCFD}.Debug|iPhoneSimulator.ActiveCfg = Debug|x86
		{D3D2565E-8ED1-46E1-895F-D9A65327FCFD}.Debug|iPhoneSimulator.Build.0 = Debug|x86
		{D3D2565E-8ED1-46E1-895F-D9A65327FCFD}.Debug|iPhoneSimulator.Deploy.0 = Debug|x86
		{D3D2565E-8ED1-46E1-895F-D9A65327FCFD}.Debug|x64.ActiveCfg = Debug|x64
		{D3D2565E-8ED1-46E1-895F-D9A65327FCFD}.Debug|x64.Build.0 = Debug|x64
		{D3D2565E-8ED1-46E1-895F-D9A65327FCFD}.Debug|x64.Deploy.0 = Debug|x64
		{D3D2565E-8ED1-46E1-895F-D9A65327FCFD}.Debug|x86.ActiveCfg = Debug|x86
		{D3D2565E-8ED1-46E1-895F-D9A65327FCFD}.Debug|x86.Build.0 = Debug|x86
		{D3D2565E-8ED1-46E1-895F-D9A65327FCFD}.Debug|x86.Deploy.0 = Debug|x86
		{D3D2565E-8ED1-46E1-895F-D9A65327FCFD}.Release|Any CPU.ActiveCfg = Release|x86
		{D3D2565E-8ED1-46E1-895F-D9A65327FCFD}.Release|Any CPU.Build.0 = Release|x86
		{D3D2565E-8ED1-46E1-895F-D9A65327FCFD}.Release|Any CPU.Deploy.0 = Release|x86
		{D3D2565E-8ED1-46E1-895F-D9A65327FCFD}.Release|ARM.ActiveCfg = Release|ARM
		{D3D2565E-8ED1-46E1-895F-D9A65327FCFD}.Release|ARM.Build.0 = Release|ARM
		{D3D2565E-8ED1-46E1-895F-D9A65327FCFD}.Release|ARM.Deploy.0 = Release|ARM
		{D3D2565E-8ED1-46E1-895F-D9A65327FCFD}.Release|iPhone.ActiveCfg = Release|x86
		{D3D2565E-8ED1-46E1-895F-D9A65327FCFD}.Release|iPhone.Build.0 = Release|x86
		{D3D2565E-8ED1-46E1-895F-D9A65327FCFD}.Release|iPhone.Deploy.0 = Release|x86
		{D3D2565E-8ED1-46E1-895F-D9A65327FCFD}.Release|iPhoneSimulator.ActiveCfg = Release|x86
		{D3D2565E-8ED1-46E1-895F-D9A65327FCFD}.Release|iPhoneSimulator.Build.0 = Release|x86
		{D3D2565E-8ED1-46E1-895F-D9A65327FCFD}.Release|iPhoneSimulator.Deploy.0 = Release|x86
		{D3D2565E-8ED1-46E1-895F-D9A65327FCFD}.Release|x64.ActiveCfg = Release|x64
		{D3D2565E-8ED1-46E1-895F-D9A65327FCFD}.Release|x64.Build.0 = Release|x64
		{D3D2565E-8ED1-46E1-895F-D9A65327FCFD}.Release|x64.Deploy.0 = Release|x64
		{D3D2565E-8ED1-46E1-895F-D9A65327FCFD}.Release|x86.ActiveCfg = Release|x86
		{D3D2565E-8ED1-46E1-895F-D9A65327FCFD}.Release|x86.Build.0 = Release|x86
		{D3D2565E-8ED1-46E1-895F-D9A65327FCFD}.Release|x86.Deploy.0 = Release|x86
		{C6EC58A9-22F9-4A15-B662-6DFA060E88F5}.Ad-Hoc|Any CPU.ActiveCfg = Debug|Any CPU
		{C6EC58A9-22F9-4A15-B662-6DFA060E88F5}.Ad-Hoc|Any CPU.Build.0 = Debug|Any CPU
		{C6EC58A9-22F9-4A15-B662-6DFA060E88F5}.Ad-Hoc|Any CPU.Deploy.0 = Debug|Any CPU
		{C6EC58A9-22F9-4A15-B662-6DFA060E88F5}.Ad-Hoc|ARM.ActiveCfg = Debug|Any CPU
		{C6EC58A9-22F9-4A15-B662-6DFA060E88F5}.Ad-Hoc|ARM.Build.0 = Debug|Any CPU
		{C6EC58A9-22F9-4A15-B662-6DFA060E88F5}.Ad-Hoc|ARM.Deploy.0 = Debug|Any CPU
		{C6EC58A9-22F9-4A15-B662-6DFA060E88F5}.Ad-Hoc|iPhone.ActiveCfg = Debug|Any CPU
		{C6EC58A9-22F9-4A15-B662-6DFA060E88F5}.Ad-Hoc|iPhone.Build.0 = Debug|Any CPU
		{C6EC58A9-22F9-4A15-B662-6DFA060E88F5}.Ad-Hoc|iPhone.Deploy.0 = Debug|Any CPU
		{C6EC58A9-22F9-4A15-B662-6DFA060E88F5}.Ad-Hoc|iPhoneSimulator.ActiveCfg = Debug|Any CPU
		{C6EC58A9-22F9-4A15-B662-6DFA060E88F5}.Ad-Hoc|iPhoneSimulator.Build.0 = Debug|Any CPU
		{C6EC58A9-22F9-4A15-B662-6DFA060E88F5}.Ad-Hoc|iPhoneSimulator.Deploy.0 = Debug|Any CPU
		{C6EC58A9-22F9-4A15-B662-6DFA060E88F5}.Ad-Hoc|x64.ActiveCfg = Debug|Any CPU
		{C6EC58A9-22F9-4A15-B662-6DFA060E88F5}.Ad-Hoc|x64.Build.0 = Debug|Any CPU
		{C6EC58A9-22F9-4A15-B662-6DFA060E88F5}.Ad-Hoc|x64.Deploy.0 = Debug|Any CPU
		{C6EC58A9-22F9-4A15-B662-6DFA060E88F5}.Ad-Hoc|x86.ActiveCfg = Debug|Any CPU
		{C6EC58A9-22F9-4A15-B662-6DFA060E88F5}.Ad-Hoc|x86.Build.0 = Debug|Any CPU
		{C6EC58A9-22F9-4A15-B662-6DFA060E88F5}.Ad-Hoc|x86.Deploy.0 = Debug|Any CPU
		{C6EC58A9-22F9-4A15-B662-6DFA060E88F5}.AppStore|Any CPU.ActiveCfg = Debug|Any CPU
		{C6EC58A9-22F9-4A15-B662-6DFA060E88F5}.AppStore|Any CPU.Build.0 = Debug|Any CPU
		{C6EC58A9-22F9-4A15-B662-6DFA060E88F5}.AppStore|Any CPU.Deploy.0 = Debug|Any CPU
		{C6EC58A9-22F9-4A15-B662-6DFA060E88F5}.AppStore|ARM.ActiveCfg = Debug|Any CPU
		{C6EC58A9-22F9-4A15-B662-6DFA060E88F5}.AppStore|ARM.Build.0 = Debug|Any CPU
		{C6EC58A9-22F9-4A15-B662-6DFA060E88F5}.AppStore|ARM.Deploy.0 = Debug|Any CPU
		{C6EC58A9-22F9-4A15-B662-6DFA060E88F5}.AppStore|iPhone.ActiveCfg = Debug|Any CPU
		{C6EC58A9-22F9-4A15-B662-6DFA060E88F5}.AppStore|iPhone.Build.0 = Debug|Any CPU
		{C6EC58A9-22F9-4A15-B662-6DFA060E88F5}.AppStore|iPhone.Deploy.0 = Debug|Any CPU
		{C6EC58A9-22F9-4A15-B662-6DFA060E88F5}.AppStore|iPhoneSimulator.ActiveCfg = Debug|Any CPU
		{C6EC58A9-22F9-4A15-B662-6DFA060E88F5}.AppStore|iPhoneSimulator.Build.0 = Debug|Any CPU
		{C6EC58A9-22F9-4A15-B662-6DFA060E88F5}.AppStore|iPhoneSimulator.Deploy.0 = Debug|Any CPU
		{C6EC58A9-22F9-4A15-B662-6DFA060E88F5}.AppStore|x64.ActiveCfg = Debug|Any CPU
		{C6EC58A9-22F9-4A15-B662-6DFA060E88F5}.AppStore|x64.Build.0 = Debug|Any CPU
		{C6EC58A9-22F9-4A15-B662-6DFA060E88F5}.AppStore|x64.Deploy.0 = Debug|Any CPU
		{C6EC58A9-22F9-4A15-B662-6DFA060E88F5}.AppStore|x86.ActiveCfg = Debug|Any CPU
		{C6EC58A9-22F9-4A15-B662-6DFA060E88F5}.AppStore|x86.Build.0 = Debug|Any CPU
		{C6EC58A9-22F9-4A15-B662-6DFA060E88F5}.AppStore|x86.Deploy.0 = Debug|Any CPU
		{C6EC58A9-22F9-4A15-B662-6DFA060E88F5}.Debug|Any CPU.ActiveCfg = Debug|Any CPU
		{C6EC58A9-22F9-4A15-B662-6DFA060E88F5}.Debug|Any CPU.Build.0 = Debug|Any CPU
		{C6EC58A9-22F9-4A15-B662-6DFA060E88F5}.Debug|Any CPU.Deploy.0 = Debug|Any CPU
		{C6EC58A9-22F9-4A15-B662-6DFA060E88F5}.Debug|ARM.ActiveCfg = Debug|Any CPU
		{C6EC58A9-22F9-4A15-B662-6DFA060E88F5}.Debug|ARM.Build.0 = Debug|Any CPU
		{C6EC58A9-22F9-4A15-B662-6DFA060E88F5}.Debug|ARM.Deploy.0 = Debug|Any CPU
		{C6EC58A9-22F9-4A15-B662-6DFA060E88F5}.Debug|iPhone.ActiveCfg = Debug|Any CPU
		{C6EC58A9-22F9-4A15-B662-6DFA060E88F5}.Debug|iPhone.Build.0 = Debug|Any CPU
		{C6EC58A9-22F9-4A15-B662-6DFA060E88F5}.Debug|iPhone.Deploy.0 = Debug|Any CPU
		{C6EC58A9-22F9-4A15-B662-6DFA060E88F5}.Debug|iPhoneSimulator.ActiveCfg = Debug|Any CPU
		{C6EC58A9-22F9-4A15-B662-6DFA060E88F5}.Debug|iPhoneSimulator.Build.0 = Debug|Any CPU
		{C6EC58A9-22F9-4A15-B662-6DFA060E88F5}.Debug|iPhoneSimulator.Deploy.0 = Debug|Any CPU
		{C6EC58A9-22F9-4A15-B662-6DFA060E88F5}.Debug|x64.ActiveCfg = Debug|Any CPU
		{C6EC58A9-22F9-4A15-B662-6DFA060E88F5}.Debug|x64.Build.0 = Debug|Any CPU
		{C6EC58A9-22F9-4A15-B662-6DFA060E88F5}.Debug|x64.Deploy.0 = Debug|Any CPU
		{C6EC58A9-22F9-4A15-B662-6DFA060E88F5}.Debug|x86.ActiveCfg = Debug|Any CPU
		{C6EC58A9-22F9-4A15-B662-6DFA060E88F5}.Debug|x86.Build.0 = Debug|Any CPU
		{C6EC58A9-22F9-4A15-B662-6DFA060E88F5}.Debug|x86.Deploy.0 = Debug|Any CPU
		{C6EC58A9-22F9-4A15-B662-6DFA060E88F5}.Release|Any CPU.ActiveCfg = Release|Any CPU
		{C6EC58A9-22F9-4A15-B662-6DFA060E88F5}.Release|Any CPU.Build.0 = Release|Any CPU
		{C6EC58A9-22F9-4A15-B662-6DFA060E88F5}.Release|Any CPU.Deploy.0 = Release|Any CPU
		{C6EC58A9-22F9-4A15-B662-6DFA060E88F5}.Release|ARM.ActiveCfg = Release|Any CPU
		{C6EC58A9-22F9-4A15-B662-6DFA060E88F5}.Release|ARM.Build.0 = Release|Any CPU
		{C6EC58A9-22F9-4A15-B662-6DFA060E88F5}.Release|ARM.Deploy.0 = Release|Any CPU
		{C6EC58A9-22F9-4A15-B662-6DFA060E88F5}.Release|iPhone.ActiveCfg = Release|Any CPU
		{C6EC58A9-22F9-4A15-B662-6DFA060E88F5}.Release|iPhone.Build.0 = Release|Any CPU
		{C6EC58A9-22F9-4A15-B662-6DFA060E88F5}.Release|iPhone.Deploy.0 = Release|Any CPU
		{C6EC58A9-22F9-4A15-B662-6DFA060E88F5}.Release|iPhoneSimulator.ActiveCfg = Release|Any CPU
		{C6EC58A9-22F9-4A15-B662-6DFA060E88F5}.Release|iPhoneSimulator.Build.0 = Release|Any CPU
		{C6EC58A9-22F9-4A15-B662-6DFA060E88F5}.Release|iPhoneSimulator.Deploy.0 = Release|Any CPU
		{C6EC58A9-22F9-4A15-B662-6DFA060E88F5}.Release|x64.ActiveCfg = Release|Any CPU
		{C6EC58A9-22F9-4A15-B662-6DFA060E88F5}.Release|x64.Build.0 = Release|Any CPU
		{C6EC58A9-22F9-4A15-B662-6DFA060E88F5}.Release|x64.Deploy.0 = Release|Any CPU
		{C6EC58A9-22F9-4A15-B662-6DFA060E88F5}.Release|x86.ActiveCfg = Release|Any CPU
		{C6EC58A9-22F9-4A15-B662-6DFA060E88F5}.Release|x86.Build.0 = Release|Any CPU
		{C6EC58A9-22F9-4A15-B662-6DFA060E88F5}.Release|x86.Deploy.0 = Release|Any CPU
	EndGlobalSection
	GlobalSection(SolutionProperties) = preSolution
		HideSolutionNode = FALSE
	EndGlobalSection
	GlobalSection(ExtensibilityGlobals) = postSolution
		SolutionGuid = {4391D893-E58D-4D38-BAE6-DC5C09D91B1B}
	EndGlobalSection
EndGlobal
